<Solution>
  <Folder Name="/Task0/">
    <Project Path="Tyuiu.GojtievTK.Sprint1.Task0.V8.Lib/Tyuiu.GojtievTK.Sprint1.Task0.V8.Lib.csproj" />
    <Project Path="Tyuiu.GojtievTK.Sprint1.Task0.V8.Test/Tyuiu.GojtievTK.Sprint1.Task0.V8.Test.csproj" />
    <Project Path="Tyuiu.GojtievTK.Sprint1.Task0.V8/Tyuiu.GojtievTK.Sprint1.Task0.V8.csproj" />
  </Folder>
  <Folder Name="/Task1/">
    <Project Path="Tyuiu.GojtievTK.Sprint1.Task1.V25.Lib/Tyuiu.GojtievTK.Sprint1.Task1.V25.Lib.csproj" Id="2cf6a486-2de0-4bcc-81d8-1d866109e5d2" />
    <Project Path="Tyuiu.GojtievTK.Sprint1.Task1.V25.Test/Tyuiu.GojtievTK.Sprint1.Task1.V25.Test.csproj" Id="ed90db00-5c36-4f64-990f-90022d52670e" />
    <Project Path="Tyuiu.GojtievTK.Sprint1.Task1.V25/Tyuiu.GojtievTK.Sprint1.Task1.V25.csproj" Id="76bba933-a4f9-4de1-af47-15aa1e966fe9" />
  </Folder>
  <Folder Name="/Task2/">
    <Project Path="Tyuiu.GojtievTK.Sprint1.Task2.V23.Lib/Tyuiu.GojtievTK.Sprint1.Task2.V23.Lib.csproj" Id="9efc5750-5e1a-44e1-89ff-41c5e2fc2e23" />
    <Project Path="Tyuiu.GojtievTK.Sprint1.Task2.V23.Test/Tyuiu.GojtievTK.Sprint1.Task2.V23.Test.csproj" Id="e8f1b177-2761-48b7-80cf-4aa99bdf5a66" />
    <Project Path="Tyuiu.GojtievTK.Sprint1.Task2.V23/Tyuiu.GojtievTK.Sprint1.Task2.V23.csproj" Id="78acd676-d631-4508-9fd2-ef703b908cfc" />
  </Folder>
  <Folder Name="/Task3/">
    <Project Path="Tyuiu.GojtievTK.Sprint1.Task3.V15.Lib/Tyuiu.GojtievTK.Sprint1.Task3.V15.Lib.csproj" Id="6c012207-cc3c-4277-9c30-826104af5640" />
    <Project Path="Tyuiu.GojtievTK.Sprint1.Task3.V15.Test/Tyuiu.GojtievTK.Sprint1.Task3.V15.Test.csproj" Id="c19d4f0e-dd28-47c4-9a4c-6187e3293a32" />
    <Project Path="Tyuiu.GojtievTK.Sprint1.Task3.V15/Tyuiu.GojtievTK.Sprint1.Task3.V15.csproj" Id="ee144352-7d35-437a-ac79-881f5dafe790" />
  </Folder>
  <Folder Name="/Task4/">
    <Project Path="Tyuiu.GojtievTK.Sprint1.Task4.V26.Lib/Tyuiu.GojtievTK.Sprint1.Task4.V26.Lib.csproj" Id="1cdd49b2-81ce-44f9-88da-8e82e69b7488" />
    <Project Path="Tyuiu.GojtievTK.Sprint1.Task4.V26.Test/Tyuiu.GojtievTK.Sprint1.Task4.V26.Test.csproj" Id="2d619cef-4439-44d6-b0f7-6f7c0bee78da" />
    <Project Path="Tyuiu.GojtievTK.Sprint1.Task4.V26/Tyuiu.GojtievTK.Sprint1.Task4.V26.csproj" Id="be584dad-dbd5-4f7d-8e26-05a09b12f85b" />
  </Folder>
  <Folder Name="/Task5/">
    <Project Path="Tyuiu.GojtievTK.Sprint1.Task5.V3.Lib/Tyuiu.GojtievTK.Sprint1.Task5.V3.Lib.csproj" Id="fdcf0407-8685-49ba-9327-e712c907e43f" />
    <Project Path="Tyuiu.GojtievTK.Sprint1.Task5.V3.Test/Tyuiu.GojtievTK.Sprint1.Task5.V3.Test.csproj" Id="8749f734-3cb8-4bd3-bf30-6a0fb1fadcee" />
    <Project Path="Tyuiu.GojtievTK.Sprint1.Task5.V3/Tyuiu.GojtievTK.Sprint1.Task5.V3.csproj" Id="b1a15fe6-56f8-4747-a484-1ede3a1be59b" />
  </Folder>
</Solution>
