<Solution>
  <Folder Name="/Task0/">
    <Project Path="Tyuiu.GojtievTK.Sprint1.Task0.V8.Lib/Tyuiu.GojtievTK.Sprint1.Task0.V8.Lib.csproj" />
    <Project Path="Tyuiu.GojtievTK.Sprint1.Task0.V8.Test/Tyuiu.GojtievTK.Sprint1.Task0.V8.Test.csproj" />
    <Project Path="Tyuiu.GojtievTK.Sprint1.Task0.V8/Tyuiu.GojtievTK.Sprint1.Task0.V8.csproj" />
  </Folder>
  <Folder Name="/Task1/">
    <Project Path="Tyuiu.GojtievTK.Sprint1.Task1.V25.Lib/Tyuiu.GojtievTK.Sprint1.Task1.V25.Lib.csproj" Id="2cf6a486-2de0-4bcc-81d8-1d866109e5d2" />
    <Project Path="Tyuiu.GojtievTK.Sprint1.Task1.V25.Test/Tyuiu.GojtievTK.Sprint1.Task1.V25.Test.csproj" Id="ed90db00-5c36-4f64-990f-90022d52670e" />
    <Project Path="Tyuiu.GojtievTK.Sprint1.Task1.V25/Tyuiu.GojtievTK.Sprint1.Task1.V25.csproj" Id="76bba933-a4f9-4de1-af47-15aa1e966fe9" />
  </Folder>
</Solution>
